
Microsoft Visual Studio Solution File, Format Version 12.00
# Visual Studio Version 16
VisualStudioVersion = 16.0.30128.74
MinimumVisualStudioVersion = 10.0.40219.1
Project("{FAE04EC0-301F-11D3-BF4B-00C04F79EFBC}") = "InventoryProgram", "InventoryProgram\InventoryProgram.csproj", "{6C7DA2DF-276F-470D-8139-137520BCC693}"
EndProject
Project("{FAE04EC0-301F-11D3-BF4B-00C04F79EFBC}") = "InventoryProgram.Data", "InventoryProgram.Data\InventoryProgram.Data.csproj", "{AEFBAD81-4D66-4CD8-8DE1-C90898AB0AD0}"
EndProject
Global
	GlobalSection(SolutionConfigurationPlatforms) = preSolution
		Debug|Any CPU = Debug|Any CPU
		Release|Any CPU = Release|Any CPU
	EndGlobalSection
	GlobalSection(ProjectConfigurationPlatforms) = postSolution
		{6C7DA2DF-276F-470D-8139-137520BCC693}.Debug|Any CPU.ActiveCfg = Debug|Any CPU
		{6C7DA2DF-276F-470D-8139-137520BCC693}.Debug|Any CPU.Build.0 = Debug|Any CPU
		{6C7DA2DF-276F-470D-8139-137520BCC693}.Release|Any CPU.ActiveCfg = Release|Any CPU
		{6C7DA2DF-276F-470D-8139-137520BCC693}.Release|Any CPU.Build.0 = Release|Any CPU
		{AEFBAD81-4D66-4CD8-8DE1-C90898AB0AD0}.Debug|Any CPU.ActiveCfg = Debug|Any CPU
		{AEFBAD81-4D66-4CD8-8DE1-C90898AB0AD0}.Debug|Any CPU.Build.0 = Debug|Any CPU
		{AEFBAD81-4D66-4CD8-8DE1-C90898AB0AD0}.Release|Any CPU.ActiveCfg = Release|Any CPU
		{AEFBAD81-4D66-4CD8-8DE1-C90898AB0AD0}.Release|Any CPU.Build.0 = Release|Any CPU
	EndGlobalSection
	GlobalSection(SolutionProperties) = preSolution
		HideSolutionNode = FALSE
	EndGlobalSection
	GlobalSection(ExtensibilityGlobals) = postSolution
		SolutionGuid = {2086733C-FBF4-495D-B5B2-46E265ACD36F}
	EndGlobalSection
EndGlobal
